{
  "name": "ravenous",
  "version": "0.1.0",
  "lockfileVersion": 1,
  "requires": true,
  "dependencies": {
    "whatwg-fetch": {
      "version": "3.6.17",
      "resolved": "https://registry.npmjs.org/whatwg-fetch/-/whatwg-fetch-3.6.17.tgz",
      "integrity": "sha512-c4ghIvG6th0eudYwKZY5keb81wtFz9/WeAHAoy8+r18kcWlitUIrmGFQ2rWEl4UCKUilD3zCLHOIPheHx5ypRQ=="
    }
  }
}
